
Microsoft Visual Studio Solution File, Format Version 12.00
# Visual Studio Version 16
VisualStudioVersion = 16.0.30621.155
MinimumVisualStudioVersion = 10.0.40219.1
Project("{FAE04EC0-301F-11D3-BF4B-00C04F79EFBC}") = "week08", "week08\week08.csproj", "{2E8643D5-53A0-487D-AEE2-7C28E1A3E757}"
EndProject
Global
	GlobalSection(SolutionConfigurationPlatforms) = preSolution
		Debug|Any CPU = Debug|Any CPU
		Release|Any CPU = Release|Any CPU
	EndGlobalSection
	GlobalSection(ProjectConfigurationPlatforms) = postSolution
		{2E8643D5-53A0-487D-AEE2-7C28E1A3E757}.Debug|Any CPU.ActiveCfg = Debug|Any CPU
		{2E8643D5-53A0-487D-AEE2-7C28E1A3E757}.Debug|Any CPU.Build.0 = Debug|Any CPU
		{2E8643D5-53A0-487D-AEE2-7C28E1A3E757}.Release|Any CPU.ActiveCfg = Release|Any CPU
		{2E8643D5-53A0-487D-AEE2-7C28E1A3E757}.Release|Any CPU.Build.0 = Release|Any CPU
	EndGlobalSection
	GlobalSection(SolutionProperties) = preSolution
		HideSolutionNode = FALSE
	EndGlobalSection
	GlobalSection(ExtensibilityGlobals) = postSolution
		SolutionGuid = {7D5AD067-6EF0-4B52-9DE9-A51C2177E8D1}
	EndGlobalSection
EndGlobal
